
Microsoft Visual Studio Solution File, Format Version 12.00
# Visual Studio Version 17
VisualStudioVersion = 17.11.35431.28
MinimumVisualStudioVersion = 10.0.40219.1
Project("{9A19103F-16F7-4668-BE54-9A1E7A4F7556}") = "ParadosTranslator", "ParadosTranslator\ParadosTranslator.csproj", "{A9F06AA4-115C-41D6-AEE8-EC0425D4F42B}"
EndProject
Project("{9A19103F-16F7-4668-BE54-9A1E7A4F7556}") = "ParadosTest", "ParadosTest\ParadosTest.csproj", "{3EF16484-EAEC-4015-B4FF-475C54AAD9D6}"
EndProject
Project("{9A19103F-16F7-4668-BE54-9A1E7A4F7556}") = "ParadosLib", "ParadosLib\ParadosLib.csproj", "{8DA506A8-19B7-479D-9D03-87CE62B94B26}"
EndProject
Project("{2150E333-8FDC-42A3-9474-1A3956D46DE8}") = "Resources", "Resources", "{966F9849-30A5-463E-9B97-5B32B7C57B9D}"
	ProjectSection(SolutionItems) = preProject
		LICENSE.txt = LICENSE.txt
		Parados UI.png = Parados UI.png
		README.md = README.md
	EndProjectSection
EndProject
Global
	GlobalSection(SolutionConfigurationPlatforms) = preSolution
		Debug|Any CPU = Debug|Any CPU
		Release|Any CPU = Release|Any CPU
	EndGlobalSection
	GlobalSection(ProjectConfigurationPlatforms) = postSolution
		{A9F06AA4-115C-41D6-AEE8-EC0425D4F42B}.Debug|Any CPU.ActiveCfg = Debug|Any CPU
		{A9F06AA4-115C-41D6-AEE8-EC0425D4F42B}.Debug|Any CPU.Build.0 = Debug|Any CPU
		{A9F06AA4-115C-41D6-AEE8-EC0425D4F42B}.Release|Any CPU.ActiveCfg = Release|Any CPU
		{A9F06AA4-115C-41D6-AEE8-EC0425D4F42B}.Release|Any CPU.Build.0 = Release|Any CPU
		{3EF16484-EAEC-4015-B4FF-475C54AAD9D6}.Debug|Any CPU.ActiveCfg = Debug|Any CPU
		{3EF16484-EAEC-4015-B4FF-475C54AAD9D6}.Debug|Any CPU.Build.0 = Debug|Any CPU
		{3EF16484-EAEC-4015-B4FF-475C54AAD9D6}.Release|Any CPU.ActiveCfg = Release|Any CPU
		{3EF16484-EAEC-4015-B4FF-475C54AAD9D6}.Release|Any CPU.Build.0 = Release|Any CPU
		{8DA506A8-19B7-479D-9D03-87CE62B94B26}.Debug|Any CPU.ActiveCfg = Debug|Any CPU
		{8DA506A8-19B7-479D-9D03-87CE62B94B26}.Debug|Any CPU.Build.0 = Debug|Any CPU
		{8DA506A8-19B7-479D-9D03-87CE62B94B26}.Release|Any CPU.ActiveCfg = Release|Any CPU
		{8DA506A8-19B7-479D-9D03-87CE62B94B26}.Release|Any CPU.Build.0 = Release|Any CPU
	EndGlobalSection
	GlobalSection(SolutionProperties) = preSolution
		HideSolutionNode = FALSE
	EndGlobalSection
	GlobalSection(ExtensibilityGlobals) = postSolution
		SolutionGuid = {3DB6CF1D-8038-4016-BBAE-AD6C2F8FA057}
	EndGlobalSection
EndGlobal
